
Microsoft Visual Studio Solution File, Format Version 12.00
# Visual Studio Version 16
VisualStudioVersion = 16.0.30717.126
MinimumVisualStudioVersion = 10.0.40219.1
Project("{9A19103F-16F7-4668-BE54-9A1E7A4F7556}") = "Day01", "Day01\Day01.csproj", "{E1B84E0F-6ACE-4281-8A6C-B1704961D69B}"
EndProject
Project("{9A19103F-16F7-4668-BE54-9A1E7A4F7556}") = "Day02", "Day02\Day02.csproj", "{7F9879DE-F3EA-4007-A4BE-CA857B076895}"
EndProject
Project("{9A19103F-16F7-4668-BE54-9A1E7A4F7556}") = "Day03", "Day03\Day03.csproj", "{EB2285F0-0CC3-4963-BF66-05CF953B85B5}"
EndProject
Project("{9A19103F-16F7-4668-BE54-9A1E7A4F7556}") = "Day04", "Day04\Day04.csproj", "{F2DA5A8E-A617-48A6-A0C3-9CB632CE9575}"
EndProject
Project("{9A19103F-16F7-4668-BE54-9A1E7A4F7556}") = "Day05", "Day05\Day05.csproj", "{90BC861A-C1BC-4ADB-B3E2-48D2962EF197}"
EndProject
Project("{9A19103F-16F7-4668-BE54-9A1E7A4F7556}") = "Day06", "Day06\Day06.csproj", "{6BDFD75D-1030-4623-948A-9739988C1A86}"
EndProject
Project("{9A19103F-16F7-4668-BE54-9A1E7A4F7556}") = "Day07", "Day07\Day07.csproj", "{69734042-EF80-40B1-96A4-3CC895245484}"
EndProject
Project("{9A19103F-16F7-4668-BE54-9A1E7A4F7556}") = "Day08", "Day08\Day08.csproj", "{0DCC98B6-A879-4146-A76A-97536B643847}"
EndProject
Project("{9A19103F-16F7-4668-BE54-9A1E7A4F7556}") = "Day09", "Day09\Day09.csproj", "{B6B729DE-8465-4164-AA81-3F42EA35FB75}"
EndProject
Project("{9A19103F-16F7-4668-BE54-9A1E7A4F7556}") = "Day10", "Day10\Day10.csproj", "{B798D7FA-D560-4087-A8B9-1AB7BB10A65A}"
EndProject
Project("{9A19103F-16F7-4668-BE54-9A1E7A4F7556}") = "Day11", "Day11\Day11.csproj", "{8D2DA82A-0F50-416E-9C21-8C269C42E426}"
EndProject
Project("{9A19103F-16F7-4668-BE54-9A1E7A4F7556}") = "Day12", "Day12\Day12.csproj", "{E11C11D9-5184-4EB2-983C-4B4914569C6A}"
EndProject
Project("{9A19103F-16F7-4668-BE54-9A1E7A4F7556}") = "Day13", "Day13\Day13.csproj", "{019FD665-67A6-4DB5-B067-D96902707B79}"
EndProject
Project("{9A19103F-16F7-4668-BE54-9A1E7A4F7556}") = "Day14", "Day14\Day14.csproj", "{7FB9E686-672C-428F-BF40-D9F8030879A0}"
EndProject
Project("{9A19103F-16F7-4668-BE54-9A1E7A4F7556}") = "Day15", "Day15\Day15.csproj", "{9E7AC2DD-8E93-4511-90C2-B6DB78445C38}"
EndProject
Project("{9A19103F-16F7-4668-BE54-9A1E7A4F7556}") = "Day16", "Day16\Day16.csproj", "{326D1B2D-176C-4800-8031-B41C28CDB21B}"
EndProject
Project("{9A19103F-16F7-4668-BE54-9A1E7A4F7556}") = "Day17", "Day17\Day17.csproj", "{3E779676-65C9-49B5-866C-CBA1A1871DA3}"
EndProject
Project("{9A19103F-16F7-4668-BE54-9A1E7A4F7556}") = "Day18", "Day18\Day18.csproj", "{28409BB6-7A7D-44D5-974F-EDA541AD8D1B}"
EndProject
Project("{FAE04EC0-301F-11D3-BF4B-00C04F79EFBC}") = "Day19", "Day19\Day19.csproj", "{A81212A1-0195-4E65-997C-3DDF56411AA1}"
EndProject
Global
	GlobalSection(SolutionConfigurationPlatforms) = preSolution
		Debug|Any CPU = Debug|Any CPU
		Release|Any CPU = Release|Any CPU
	EndGlobalSection
	GlobalSection(ProjectConfigurationPlatforms) = postSolution
		{E1B84E0F-6ACE-4281-8A6C-B1704961D69B}.Debug|Any CPU.ActiveCfg = Debug|Any CPU
		{E1B84E0F-6ACE-4281-8A6C-B1704961D69B}.Debug|Any CPU.Build.0 = Debug|Any CPU
		{E1B84E0F-6ACE-4281-8A6C-B1704961D69B}.Release|Any CPU.ActiveCfg = Release|Any CPU
		{E1B84E0F-6ACE-4281-8A6C-B1704961D69B}.Release|Any CPU.Build.0 = Release|Any CPU
		{7F9879DE-F3EA-4007-A4BE-CA857B076895}.Debug|Any CPU.ActiveCfg = Debug|Any CPU
		{7F9879DE-F3EA-4007-A4BE-CA857B076895}.Debug|Any CPU.Build.0 = Debug|Any CPU
		{7F9879DE-F3EA-4007-A4BE-CA857B076895}.Release|Any CPU.ActiveCfg = Release|Any CPU
		{7F9879DE-F3EA-4007-A4BE-CA857B076895}.Release|Any CPU.Build.0 = Release|Any CPU
		{EB2285F0-0CC3-4963-BF66-05CF953B85B5}.Debug|Any CPU.ActiveCfg = Debug|Any CPU
		{EB2285F0-0CC3-4963-BF66-05CF953B85B5}.Debug|Any CPU.Build.0 = Debug|Any CPU
		{EB2285F0-0CC3-4963-BF66-05CF953B85B5}.Release|Any CPU.ActiveCfg = Release|Any CPU
		{EB2285F0-0CC3-4963-BF66-05CF953B85B5}.Release|Any CPU.Build.0 = Release|Any CPU
		{F2DA5A8E-A617-48A6-A0C3-9CB632CE9575}.Debug|Any CPU.ActiveCfg = Debug|Any CPU
		{F2DA5A8E-A617-48A6-A0C3-9CB632CE9575}.Debug|Any CPU.Build.0 = Debug|Any CPU
		{F2DA5A8E-A617-48A6-A0C3-9CB632CE9575}.Release|Any CPU.ActiveCfg = Release|Any CPU
		{F2DA5A8E-A617-48A6-A0C3-9CB632CE9575}.Release|Any CPU.Build.0 = Release|Any CPU
		{90BC861A-C1BC-4ADB-B3E2-48D2962EF197}.Debug|Any CPU.ActiveCfg = Debug|Any CPU
		{90BC861A-C1BC-4ADB-B3E2-48D2962EF197}.Debug|Any CPU.Build.0 = Debug|Any CPU
		{90BC861A-C1BC-4ADB-B3E2-48D2962EF197}.Release|Any CPU.ActiveCfg = Release|Any CPU
		{90BC861A-C1BC-4ADB-B3E2-48D2962EF197}.Release|Any CPU.Build.0 = Release|Any CPU
		{6BDFD75D-1030-4623-948A-9739988C1A86}.Debug|Any CPU.ActiveCfg = Debug|Any CPU
		{6BDFD75D-1030-4623-948A-9739988C1A86}.Debug|Any CPU.Build.0 = Debug|Any CPU
		{6BDFD75D-1030-4623-948A-9739988C1A86}.Release|Any CPU.ActiveCfg = Release|Any CPU
		{6BDFD75D-1030-4623-948A-9739988C1A86}.Release|Any CPU.Build.0 = Release|Any CPU
		{69734042-EF80-40B1-96A4-3CC895245484}.Debug|Any CPU.ActiveCfg = Debug|Any CPU
		{69734042-EF80-40B1-96A4-3CC895245484}.Debug|Any CPU.Build.0 = Debug|Any CPU
		{69734042-EF80-40B1-96A4-3CC895245484}.Release|Any CPU.ActiveCfg = Release|Any CPU
		{69734042-EF80-40B1-96A4-3CC895245484}.Release|Any CPU.Build.0 = Release|Any CPU
		{0DCC98B6-A879-4146-A76A-97536B643847}.Debug|Any CPU.ActiveCfg = Debug|Any CPU
		{0DCC98B6-A879-4146-A76A-97536B643847}.Debug|Any CPU.Build.0 = Debug|Any CPU
		{0DCC98B6-A879-4146-A76A-97536B643847}.Release|Any CPU.ActiveCfg = Release|Any CPU
		{0DCC98B6-A879-4146-A76A-97536B643847}.Release|Any CPU.Build.0 = Release|Any CPU
		{B6B729DE-8465-4164-AA81-3F42EA35FB75}.Debug|Any CPU.ActiveCfg = Debug|Any CPU
		{B6B729DE-8465-4164-AA81-3F42EA35FB75}.Debug|Any CPU.Build.0 = Debug|Any CPU
		{B6B729DE-8465-4164-AA81-3F42EA35FB75}.Release|Any CPU.ActiveCfg = Release|Any CPU
		{B6B729DE-8465-4164-AA81-3F42EA35FB75}.Release|Any CPU.Build.0 = Release|Any CPU
		{B798D7FA-D560-4087-A8B9-1AB7BB10A65A}.Debug|Any CPU.ActiveCfg = Debug|Any CPU
		{B798D7FA-D560-4087-A8B9-1AB7BB10A65A}.Debug|Any CPU.Build.0 = Debug|Any CPU
		{B798D7FA-D560-4087-A8B9-1AB7BB10A65A}.Release|Any CPU.ActiveCfg = Release|Any CPU
		{B798D7FA-D560-4087-A8B9-1AB7BB10A65A}.Release|Any CPU.Build.0 = Release|Any CPU
		{8D2DA82A-0F50-416E-9C21-8C269C42E426}.Debug|Any CPU.ActiveCfg = Debug|Any CPU
		{8D2DA82A-0F50-416E-9C21-8C269C42E426}.Debug|Any CPU.Build.0 = Debug|Any CPU
		{8D2DA82A-0F50-416E-9C21-8C269C42E426}.Release|Any CPU.ActiveCfg = Release|Any CPU
		{8D2DA82A-0F50-416E-9C21-8C269C42E426}.Release|Any CPU.Build.0 = Release|Any CPU
		{E11C11D9-5184-4EB2-983C-4B4914569C6A}.Debug|Any CPU.ActiveCfg = Debug|Any CPU
		{E11C11D9-5184-4EB2-983C-4B4914569C6A}.Debug|Any CPU.Build.0 = Debug|Any CPU
		{E11C11D9-5184-4EB2-983C-4B4914569C6A}.Release|Any CPU.ActiveCfg = Release|Any CPU
		{E11C11D9-5184-4EB2-983C-4B4914569C6A}.Release|Any CPU.Build.0 = Release|Any CPU
		{019FD665-67A6-4DB5-B067-D96902707B79}.Debug|Any CPU.ActiveCfg = Debug|Any CPU
		{019FD665-67A6-4DB5-B067-D96902707B79}.Debug|Any CPU.Build.0 = Debug|Any CPU
		{019FD665-67A6-4DB5-B067-D96902707B79}.Release|Any CPU.ActiveCfg = Release|Any CPU
		{019FD665-67A6-4DB5-B067-D96902707B79}.Release|Any CPU.Build.0 = Release|Any CPU
		{7FB9E686-672C-428F-BF40-D9F8030879A0}.Debug|Any CPU.ActiveCfg = Debug|Any CPU
		{7FB9E686-672C-428F-BF40-D9F8030879A0}.Debug|Any CPU.Build.0 = Debug|Any CPU
		{7FB9E686-672C-428F-BF40-D9F8030879A0}.Release|Any CPU.ActiveCfg = Release|Any CPU
		{7FB9E686-672C-428F-BF40-D9F8030879A0}.Release|Any CPU.Build.0 = Release|Any CPU
		{9E7AC2DD-8E93-4511-90C2-B6DB78445C38}.Debug|Any CPU.ActiveCfg = Debug|Any CPU
		{9E7AC2DD-8E93-4511-90C2-B6DB78445C38}.Debug|Any CPU.Build.0 = Debug|Any CPU
		{9E7AC2DD-8E93-4511-90C2-B6DB78445C38}.Release|Any CPU.ActiveCfg = Release|Any CPU
		{9E7AC2DD-8E93-4511-90C2-B6DB78445C38}.Release|Any CPU.Build.0 = Release|Any CPU
		{326D1B2D-176C-4800-8031-B41C28CDB21B}.Debug|Any CPU.ActiveCfg = Debug|Any CPU
		{326D1B2D-176C-4800-8031-B41C28CDB21B}.Debug|Any CPU.Build.0 = Debug|Any CPU
		{326D1B2D-176C-4800-8031-B41C28CDB21B}.Release|Any CPU.ActiveCfg = Release|Any CPU
		{326D1B2D-176C-4800-8031-B41C28CDB21B}.Release|Any CPU.Build.0 = Release|Any CPU
		{3E779676-65C9-49B5-866C-CBA1A1871DA3}.Debug|Any CPU.ActiveCfg = Debug|Any CPU
		{3E779676-65C9-49B5-866C-CBA1A1871DA3}.Debug|Any CPU.Build.0 = Debug|Any CPU
		{3E779676-65C9-49B5-866C-CBA1A1871DA3}.Release|Any CPU.ActiveCfg = Release|Any CPU
		{3E779676-65C9-49B5-866C-CBA1A1871DA3}.Release|Any CPU.Build.0 = Release|Any CPU
		{28409BB6-7A7D-44D5-974F-EDA541AD8D1B}.Debug|Any CPU.ActiveCfg = Debug|Any CPU
		{28409BB6-7A7D-44D5-974F-EDA541AD8D1B}.Debug|Any CPU.Build.0 = Debug|Any CPU
		{28409BB6-7A7D-44D5-974F-EDA541AD8D1B}.Release|Any CPU.ActiveCfg = Release|Any CPU
		{28409BB6-7A7D-44D5-974F-EDA541AD8D1B}.Release|Any CPU.Build.0 = Release|Any CPU
		{A81212A1-0195-4E65-997C-3DDF56411AA1}.Debug|Any CPU.ActiveCfg = Debug|Any CPU
		{A81212A1-0195-4E65-997C-3DDF56411AA1}.Debug|Any CPU.Build.0 = Debug|Any CPU
		{A81212A1-0195-4E65-997C-3DDF56411AA1}.Release|Any CPU.ActiveCfg = Release|Any CPU
		{A81212A1-0195-4E65-997C-3DDF56411AA1}.Release|Any CPU.Build.0 = Release|Any CPU
	EndGlobalSection
	GlobalSection(SolutionProperties) = preSolution
		HideSolutionNode = FALSE
	EndGlobalSection
	GlobalSection(ExtensibilityGlobals) = postSolution
		SolutionGuid = {01BFE36D-204F-4691-B08E-047A19EE7521}
	EndGlobalSection
EndGlobal
