
Microsoft Visual Studio Solution File, Format Version 12.00
# Visual Studio Version 16
VisualStudioVersion = 16.0.30717.126
MinimumVisualStudioVersion = 10.0.40219.1
Project("{9A19103F-16F7-4668-BE54-9A1E7A4F7556}") = "Day01", "Day01\Day01.csproj", "{E1B84E0F-6ACE-4281-8A6C-B1704961D69B}"
EndProject
Project("{9A19103F-16F7-4668-BE54-9A1E7A4F7556}") = "Day02", "Day02\Day02.csproj", "{7F9879DE-F3EA-4007-A4BE-CA857B076895}"
EndProject
Project("{9A19103F-16F7-4668-BE54-9A1E7A4F7556}") = "Day03", "Day03\Day03.csproj", "{EB2285F0-0CC3-4963-BF66-05CF953B85B5}"
EndProject
Project("{9A19103F-16F7-4668-BE54-9A1E7A4F7556}") = "Day04", "Day04\Day04.csproj", "{F2DA5A8E-A617-48A6-A0C3-9CB632CE9575}"
EndProject
Project("{9A19103F-16F7-4668-BE54-9A1E7A4F7556}") = "Day05", "Day05\Day05.csproj", "{90BC861A-C1BC-4ADB-B3E2-48D2962EF197}"
EndProject
Project("{9A19103F-16F7-4668-BE54-9A1E7A4F7556}") = "Day06", "Day06\Day06.csproj", "{6BDFD75D-1030-4623-948A-9739988C1A86}"
EndProject
Project("{FAE04EC0-301F-11D3-BF4B-00C04F79EFBC}") = "Day07", "Day07\Day07.csproj", "{69734042-EF80-40B1-96A4-3CC895245484}"
EndProject
Global
	GlobalSection(SolutionConfigurationPlatforms) = preSolution
		Debug|Any CPU = Debug|Any CPU
		Release|Any CPU = Release|Any CPU
	EndGlobalSection
	GlobalSection(ProjectConfigurationPlatforms) = postSolution
		{E1B84E0F-6ACE-4281-8A6C-B1704961D69B}.Debug|Any CPU.ActiveCfg = Debug|Any CPU
		{E1B84E0F-6ACE-4281-8A6C-B1704961D69B}.Debug|Any CPU.Build.0 = Debug|Any CPU
		{E1B84E0F-6ACE-4281-8A6C-B1704961D69B}.Release|Any CPU.ActiveCfg = Release|Any CPU
		{E1B84E0F-6ACE-4281-8A6C-B1704961D69B}.Release|Any CPU.Build.0 = Release|Any CPU
		{7F9879DE-F3EA-4007-A4BE-CA857B076895}.Debug|Any CPU.ActiveCfg = Debug|Any CPU
		{7F9879DE-F3EA-4007-A4BE-CA857B076895}.Debug|Any CPU.Build.0 = Debug|Any CPU
		{7F9879DE-F3EA-4007-A4BE-CA857B076895}.Release|Any CPU.ActiveCfg = Release|Any CPU
		{7F9879DE-F3EA-4007-A4BE-CA857B076895}.Release|Any CPU.Build.0 = Release|Any CPU
		{EB2285F0-0CC3-4963-BF66-05CF953B85B5}.Debug|Any CPU.ActiveCfg = Debug|Any CPU
		{EB2285F0-0CC3-4963-BF66-05CF953B85B5}.Debug|Any CPU.Build.0 = Debug|Any CPU
		{EB2285F0-0CC3-4963-BF66-05CF953B85B5}.Release|Any CPU.ActiveCfg = Release|Any CPU
		{EB2285F0-0CC3-4963-BF66-05CF953B85B5}.Release|Any CPU.Build.0 = Release|Any CPU
		{F2DA5A8E-A617-48A6-A0C3-9CB632CE9575}.Debug|Any CPU.ActiveCfg = Debug|Any CPU
		{F2DA5A8E-A617-48A6-A0C3-9CB632CE9575}.Debug|Any CPU.Build.0 = Debug|Any CPU
		{F2DA5A8E-A617-48A6-A0C3-9CB632CE9575}.Release|Any CPU.ActiveCfg = Release|Any CPU
		{F2DA5A8E-A617-48A6-A0C3-9CB632CE9575}.Release|Any CPU.Build.0 = Release|Any CPU
		{90BC861A-C1BC-4ADB-B3E2-48D2962EF197}.Debug|Any CPU.ActiveCfg = Debug|Any CPU
		{90BC861A-C1BC-4ADB-B3E2-48D2962EF197}.Debug|Any CPU.Build.0 = Debug|Any CPU
		{90BC861A-C1BC-4ADB-B3E2-48D2962EF197}.Release|Any CPU.ActiveCfg = Release|Any CPU
		{90BC861A-C1BC-4ADB-B3E2-48D2962EF197}.Release|Any CPU.Build.0 = Release|Any CPU
		{6BDFD75D-1030-4623-948A-9739988C1A86}.Debug|Any CPU.ActiveCfg = Debug|Any CPU
		{6BDFD75D-1030-4623-948A-9739988C1A86}.Debug|Any CPU.Build.0 = Debug|Any CPU
		{6BDFD75D-1030-4623-948A-9739988C1A86}.Release|Any CPU.ActiveCfg = Release|Any CPU
		{6BDFD75D-1030-4623-948A-9739988C1A86}.Release|Any CPU.Build.0 = Release|Any CPU
		{69734042-EF80-40B1-96A4-3CC895245484}.Debug|Any CPU.ActiveCfg = Debug|Any CPU
		{69734042-EF80-40B1-96A4-3CC895245484}.Debug|Any CPU.Build.0 = Debug|Any CPU
		{69734042-EF80-40B1-96A4-3CC895245484}.Release|Any CPU.ActiveCfg = Release|Any CPU
		{69734042-EF80-40B1-96A4-3CC895245484}.Release|Any CPU.Build.0 = Release|Any CPU
	EndGlobalSection
	GlobalSection(SolutionProperties) = preSolution
		HideSolutionNode = FALSE
	EndGlobalSection
	GlobalSection(ExtensibilityGlobals) = postSolution
		SolutionGuid = {01BFE36D-204F-4691-B08E-047A19EE7521}
	EndGlobalSection
EndGlobal
